
Microsoft Visual Studio Solution File, Format Version 12.00
# Visual Studio Version 17
VisualStudioVersion = 17.5.33502.453
MinimumVisualStudioVersion = 10.0.40219.1
Project("{FAE04EC0-301F-11D3-BF4B-00C04F79EFBC}") = "CheckNetVer.Core", "CheckNetVer.Core\CheckNetVer.Core.csproj", "{DC6808F2-D370-42AA-A441-331C80580710}"
EndProject
Global
	GlobalSection(SolutionConfigurationPlatforms) = preSolution
		Debug|Any CPU = Debug|Any CPU
		Release|Any CPU = Release|Any CPU
	EndGlobalSection
	GlobalSection(ProjectConfigurationPlatforms) = postSolution
		{DC6808F2-D370-42AA-A441-331C80580710}.Debug|Any CPU.ActiveCfg = Debug|Any CPU
		{DC6808F2-D370-42AA-A441-331C80580710}.Debug|Any CPU.Build.0 = Debug|Any CPU
		{DC6808F2-D370-42AA-A441-331C80580710}.Release|Any CPU.ActiveCfg = Release|Any CPU
		{DC6808F2-D370-42AA-A441-331C80580710}.Release|Any CPU.Build.0 = Release|Any CPU
	EndGlobalSection
	GlobalSection(SolutionProperties) = preSolution
		HideSolutionNode = FALSE
	EndGlobalSection
	GlobalSection(ExtensibilityGlobals) = postSolution
		SolutionGuid = {E3D775A3-7FDA-4C80-8E13-9AE2764B5DDA}
	EndGlobalSection
EndGlobal
